// !$*UTF8*$!
{
	archiveVersion = 1;
	classes = {
	};
	objectVersion = 50;
	objects = {

/* Begin PBXBuildFile section */
		7009B1C024A327D400B6437D /* BoxUIView.swift in Sources */ = {isa = PBXBuildFile; fileRef = 7009B1BF24A327D400B6437D /* BoxUIView.swift */; };
		7009B1C224A33FD100B6437D /* TagCollectionViewCell.swift in Sources */ = {isa = PBXBuildFile; fileRef = 7009B1C124A33FD100B6437D /* TagCollectionViewCell.swift */; };
		7009B1C524A382FA00B6437D /* CreateApply.storyboard in Resources */ = {isa = PBXBuildFile; fileRef = 7009B1C324A382FA00B6437D /* CreateApply.storyboard */; };
		7009B1C724A3832E00B6437D /* CheckList.storyboard in Resources */ = {isa = PBXBuildFile; fileRef = 7009B1C624A3832E00B6437D /* CheckList.storyboard */; };
		7009B1CA24A3835C00B6437D /* ApplyDetail.storyboard in Resources */ = {isa = PBXBuildFile; fileRef = 7009B1C824A3835C00B6437D /* ApplyDetail.storyboard */; };
		7009B1CC24A383A600B6437D /* Task.storyboard in Resources */ = {isa = PBXBuildFile; fileRef = 7009B1CB24A383A600B6437D /* Task.storyboard */; };
		7009B1CE24A383C300B6437D /* Interview.storyboard in Resources */ = {isa = PBXBuildFile; fileRef = 7009B1CD24A383C300B6437D /* Interview.storyboard */; };
		700F52F9249DE262000EBCD3 /* TagTests.swift in Sources */ = {isa = PBXBuildFile; fileRef = 700F52F8249DE262000EBCD3 /* TagTests.swift */; };
		700F52FB249DF4B2000EBCD3 /* TagViewModel.swift in Sources */ = {isa = PBXBuildFile; fileRef = 700F52FA249DF4B2000EBCD3 /* TagViewModel.swift */; };
		700F52FD249DF749000EBCD3 /* TagTableViewCell.swift in Sources */ = {isa = PBXBuildFile; fileRef = 700F52FC249DF749000EBCD3 /* TagTableViewCell.swift */; };
		7043B02924A0A40A00F760AA /* CoordinatorType.swift in Sources */ = {isa = PBXBuildFile; fileRef = 7043B02824A0A40A00F760AA /* CoordinatorType.swift */; };
		7043B02B24A0A42F00F760AA /* AppCoordinator.swift in Sources */ = {isa = PBXBuildFile; fileRef = 7043B02A24A0A42F00F760AA /* AppCoordinator.swift */; };
		7043B02D24A0CEE500F760AA /* Scene.swift in Sources */ = {isa = PBXBuildFile; fileRef = 7043B02C24A0CEE500F760AA /* Scene.swift */; };
		7043B02F24A0D22000F760AA /* Scene+ViewController.swift in Sources */ = {isa = PBXBuildFile; fileRef = 7043B02E24A0D22000F760AA /* Scene+ViewController.swift */; };
		7043B03224A0D3CF00F760AA /* ViewModelSupportedViewControllers.swift in Sources */ = {isa = PBXBuildFile; fileRef = 7043B03124A0D3CF00F760AA /* ViewModelSupportedViewControllers.swift */; };
		7043B03424A0E4D500F760AA /* Tab.swift in Sources */ = {isa = PBXBuildFile; fileRef = 7043B03324A0E4D500F760AA /* Tab.swift */; };
		70483E77249651DC00612288 /* NoteViewController.swift in Sources */ = {isa = PBXBuildFile; fileRef = 70483E76249651DC00612288 /* NoteViewController.swift */; };
		70483E7A249761D200612288 /* UITextViewExtension.swift in Sources */ = {isa = PBXBuildFile; fileRef = 70483E79249761D200612288 /* UITextViewExtension.swift */; };
		70483E7C249795B100612288 /* ChecklistViewController.swift in Sources */ = {isa = PBXBuildFile; fileRef = 70483E7B249795B100612288 /* ChecklistViewController.swift */; };
		70483E7E249797C700612288 /* ChecklistItemTableViewCell.swift in Sources */ = {isa = PBXBuildFile; fileRef = 70483E7D249797C700612288 /* ChecklistItemTableViewCell.swift */; };
		70483E80249799D600612288 /* InterviewTableViewCell.swift in Sources */ = {isa = PBXBuildFile; fileRef = 70483E7F249799D600612288 /* InterviewTableViewCell.swift */; };
		70483E82249799E700612288 /* TaskTableViewCell.swift in Sources */ = {isa = PBXBuildFile; fileRef = 70483E81249799E700612288 /* TaskTableViewCell.swift */; };
		70483E8424979ACF00612288 /* ReminderTableViewCell.swift in Sources */ = {isa = PBXBuildFile; fileRef = 70483E8324979ACF00612288 /* ReminderTableViewCell.swift */; };
		704866D324A777EF00FA80B5 /* NewApplyViewModel.swift in Sources */ = {isa = PBXBuildFile; fileRef = 704866D224A777EF00FA80B5 /* NewApplyViewModel.swift */; };
		7060EFEF2490C88400A229B8 /* NewApplyViewController.swift in Sources */ = {isa = PBXBuildFile; fileRef = 7060EFEE2490C88400A229B8 /* NewApplyViewController.swift */; };
		7060EFF32491288300A229B8 /* Apply+CoreDataClass.swift in Sources */ = {isa = PBXBuildFile; fileRef = F219F4F7248E797100B7A3D5 /* Apply+CoreDataClass.swift */; };
		7060EFF52494A32900A229B8 /* TagViewController.swift in Sources */ = {isa = PBXBuildFile; fileRef = 7060EFF42494A32900A229B8 /* TagViewController.swift */; };
		7060EFF82494A47500A229B8 /* Tag.storyboard in Resources */ = {isa = PBXBuildFile; fileRef = 7060EFF62494A47500A229B8 /* Tag.storyboard */; };
		7060EFFA2494E6CB00A229B8 /* ApplyViewController.swift in Sources */ = {isa = PBXBuildFile; fileRef = 7060EFF92494E6CB00A229B8 /* ApplyViewController.swift */; };
		7060EFFD2496178300A229B8 /* Reminder.storyboard in Resources */ = {isa = PBXBuildFile; fileRef = 7060EFFB2496178300A229B8 /* Reminder.storyboard */; };
		709CDEE024A1E62200A9DAE0 /* Note.storyboard in Resources */ = {isa = PBXBuildFile; fileRef = 709CDEDF24A1E62200A9DAE0 /* Note.storyboard */; };
		709CDEE224A1E66400A9DAE0 /* NotesViewController.swift in Sources */ = {isa = PBXBuildFile; fileRef = 709CDEE124A1E66400A9DAE0 /* NotesViewController.swift */; };
		709CDEE424A1E7C500A9DAE0 /* NotesViewModel.swift in Sources */ = {isa = PBXBuildFile; fileRef = 709CDEE324A1E7C500A9DAE0 /* NotesViewModel.swift */; };
		709CDEE624A20C2D00A9DAE0 /* Main.storyboard in Resources */ = {isa = PBXBuildFile; fileRef = 709CDEE524A20C2D00A9DAE0 /* Main.storyboard */; };
		709CDEE824A20DB000A9DAE0 /* NoteViewModel.swift in Sources */ = {isa = PBXBuildFile; fileRef = 709CDEE724A20DB000A9DAE0 /* NoteViewModel.swift */; };
		709CDEEB24A2113E00A9DAE0 /* CoordinatorSupportedViewModel.swift in Sources */ = {isa = PBXBuildFile; fileRef = 709CDEEA24A2113E00A9DAE0 /* CoordinatorSupportedViewModel.swift */; };
		70ADFF9824989F7400345379 /* Reminderable.swift in Sources */ = {isa = PBXBuildFile; fileRef = 70ADFF9724989F7400345379 /* Reminderable.swift */; };
		70ADFF9A2498A08F00345379 /* ReminderViewModel.swift in Sources */ = {isa = PBXBuildFile; fileRef = 70ADFF992498A08F00345379 /* ReminderViewModel.swift */; };
		70ADFF9C2498A61800345379 /* ReminderService.swift in Sources */ = {isa = PBXBuildFile; fileRef = 70ADFF9B2498A61800345379 /* ReminderService.swift */; };
		70ADFFA12498B93600345379 /* ReminderViewController.swift in Sources */ = {isa = PBXBuildFile; fileRef = 70ADFFA02498B93600345379 /* ReminderViewController.swift */; };
		70ADFFA42498BD8800345379 /* ReminderServiceType.swift in Sources */ = {isa = PBXBuildFile; fileRef = 70ADFFA32498BD8800345379 /* ReminderServiceType.swift */; };
		70ADFFA72498D3C300345379 /* ReminderTests.swift in Sources */ = {isa = PBXBuildFile; fileRef = 70ADFFA62498D3C300345379 /* ReminderTests.swift */; };
		70ADFFA92498EC1B00345379 /* TagServiceType.swift in Sources */ = {isa = PBXBuildFile; fileRef = 70ADFFA82498EC1B00345379 /* TagServiceType.swift */; };
		70ADFFAB2498F9D400345379 /* TagService.swift in Sources */ = {isa = PBXBuildFile; fileRef = 70ADFFAA2498F9D400345379 /* TagService.swift */; };
		70BE562E249F47AA0039D123 /* UITextFieldExtension.swift in Sources */ = {isa = PBXBuildFile; fileRef = 70BE562D249F47AA0039D123 /* UITextFieldExtension.swift */; };
		70EA244C2490A745007FD797 /* AppliesViewController.swift in Sources */ = {isa = PBXBuildFile; fileRef = 70EA244B2490A745007FD797 /* AppliesViewController.swift */; };
		70EA244F2490A8D1007FD797 /* ApplyTableViewCell.swift in Sources */ = {isa = PBXBuildFile; fileRef = 70EA244E2490A8D1007FD797 /* ApplyTableViewCell.swift */; };
		70EA24522490AE55007FD797 /* Apply.storyboard in Resources */ = {isa = PBXBuildFile; fileRef = 70EA24502490AE55007FD797 /* Apply.storyboard */; };
		F2035575248BBBC600A9F9F8 /* AppDelegate.swift in Sources */ = {isa = PBXBuildFile; fileRef = F2035574248BBBC600A9F9F8 /* AppDelegate.swift */; };
		F2035577248BBBC600A9F9F8 /* SceneDelegate.swift in Sources */ = {isa = PBXBuildFile; fileRef = F2035576248BBBC600A9F9F8 /* SceneDelegate.swift */; };
		F203557F248BBBC600A9F9F8 /* JobTracker.xcdatamodeld in Sources */ = {isa = PBXBuildFile; fileRef = F203557D248BBBC600A9F9F8 /* JobTracker.xcdatamodeld */; };
		F2035581248BBBD000A9F9F8 /* Assets.xcassets in Resources */ = {isa = PBXBuildFile; fileRef = F2035580248BBBD000A9F9F8 /* Assets.xcassets */; };
		F2035584248BBBD000A9F9F8 /* LaunchScreen.storyboard in Resources */ = {isa = PBXBuildFile; fileRef = F2035582248BBBD000A9F9F8 /* LaunchScreen.storyboard */; };
		F203559A248BBBD100A9F9F8 /* JobTrackerUITests.swift in Sources */ = {isa = PBXBuildFile; fileRef = F2035599248BBBD100A9F9F8 /* JobTrackerUITests.swift */; };
		F219F4F9248E797100B7A3D5 /* Interview+CoreDataClass.swift in Sources */ = {isa = PBXBuildFile; fileRef = F219F4F5248E797100B7A3D5 /* Interview+CoreDataClass.swift */; };
		F23F3052249DF28B00A92C49 /* ApplyServiceType.swift in Sources */ = {isa = PBXBuildFile; fileRef = F23F3051249DF28B00A92C49 /* ApplyServiceType.swift */; };
		F23F3054249DF35A00A92C49 /* ApplyService.swift in Sources */ = {isa = PBXBuildFile; fileRef = F23F3053249DF35A00A92C49 /* ApplyService.swift */; };
		F24A0DC924A470F600D38217 /* ApplyViewModel.swift in Sources */ = {isa = PBXBuildFile; fileRef = F24A0DC824A470F600D38217 /* ApplyViewModel.swift */; };
		F24C3D67249903B0004C16B9 /* CountryServiceType.swift in Sources */ = {isa = PBXBuildFile; fileRef = F24C3D66249903B0004C16B9 /* CountryServiceType.swift */; };
		F2A2D6E424A38FC200D25B35 /* UIButtonExtension.swift in Sources */ = {isa = PBXBuildFile; fileRef = F2A2D6E324A38FC100D25B35 /* UIButtonExtension.swift */; };
		F2B147B024A0E53D00BD5A22 /* BadgeSupplementaryView.swift in Sources */ = {isa = PBXBuildFile; fileRef = F2B147AF24A0E53D00BD5A22 /* BadgeSupplementaryView.swift */; };
		F2B6F2072490F6180088B0F7 /* CoreDataTests.swift in Sources */ = {isa = PBXBuildFile; fileRef = F2B6F2062490F6180088B0F7 /* CoreDataTests.swift */; };
		F2B6F2092490F88F0088B0F7 /* InMemoryStore.swift in Sources */ = {isa = PBXBuildFile; fileRef = F2B6F2082490F88F0088B0F7 /* InMemoryStore.swift */; };
		F2EAA8B42498E8BB00876FA9 /* CountryService.swift in Sources */ = {isa = PBXBuildFile; fileRef = F2EAA8B32498E8BB00876FA9 /* CountryService.swift */; };
		F2EAA8B62498EBAC00876FA9 /* AppliesViewModel.swift in Sources */ = {isa = PBXBuildFile; fileRef = F2EAA8B52498EBAC00876FA9 /* AppliesViewModel.swift */; };
		F2EAA8B82498F43E00876FA9 /* DataInitializer.swift in Sources */ = {isa = PBXBuildFile; fileRef = F2EAA8B72498F43E00876FA9 /* DataInitializer.swift */; };
		F2F9BE9224977ACD005C6C20 /* FlagCollectinViewCell.swift in Sources */ = {isa = PBXBuildFile; fileRef = F2F9BE9124977ACD005C6C20 /* FlagCollectinViewCell.swift */; };
/* End PBXBuildFile section */

/* Begin PBXContainerItemProxy section */
		F203558B248BBBD100A9F9F8 /* PBXContainerItemProxy */ = {
			isa = PBXContainerItemProxy;
			containerPortal = F2035569248BBBC600A9F9F8 /* Project object */;
			proxyType = 1;
			remoteGlobalIDString = F2035570248BBBC600A9F9F8;
			remoteInfo = JobTracker;
		};
		F2035596248BBBD100A9F9F8 /* PBXContainerItemProxy */ = {
			isa = PBXContainerItemProxy;
			containerPortal = F2035569248BBBC600A9F9F8 /* Project object */;
			proxyType = 1;
			remoteGlobalIDString = F2035570248BBBC600A9F9F8;
			remoteInfo = JobTracker;
		};
/* End PBXContainerItemProxy section */

/* Begin PBXFileReference section */
		7009B1BF24A327D400B6437D /* BoxUIView.swift */ = {isa = PBXFileReference; lastKnownFileType = sourcecode.swift; path = BoxUIView.swift; sourceTree = "<group>"; };
		7009B1C124A33FD100B6437D /* TagCollectionViewCell.swift */ = {isa = PBXFileReference; lastKnownFileType = sourcecode.swift; path = TagCollectionViewCell.swift; sourceTree = "<group>"; };
		7009B1C424A382FA00B6437D /* Base */ = {isa = PBXFileReference; lastKnownFileType = file.storyboard; name = Base; path = JobTracker/View/StoryBoard/JobTracker/View/StoryBoard/Base.lproj/CreateApply.storyboard; sourceTree = "<group>"; };
		7009B1C624A3832E00B6437D /* CheckList.storyboard */ = {isa = PBXFileReference; fileEncoding = 4; lastKnownFileType = file.storyboard; path = CheckList.storyboard; sourceTree = "<group>"; };
		7009B1C924A3835C00B6437D /* Base */ = {isa = PBXFileReference; lastKnownFileType = file.storyboard; name = Base; path = JobTracker/View/StoryBoard/JobTracker/View/StoryBoard/Base.lproj/ApplyDetail.storyboard; sourceTree = "<group>"; };
		7009B1CB24A383A600B6437D /* Task.storyboard */ = {isa = PBXFileReference; fileEncoding = 4; lastKnownFileType = file.storyboard; path = Task.storyboard; sourceTree = "<group>"; };
		7009B1CD24A383C300B6437D /* Interview.storyboard */ = {isa = PBXFileReference; fileEncoding = 4; lastKnownFileType = file.storyboard; name = Interview.storyboard; path = JobTracker/View/StoryBoard/Interview.storyboard; sourceTree = "<group>"; };
		700F52F8249DE262000EBCD3 /* TagTests.swift */ = {isa = PBXFileReference; lastKnownFileType = sourcecode.swift; path = TagTests.swift; sourceTree = "<group>"; };
		700F52FA249DF4B2000EBCD3 /* TagViewModel.swift */ = {isa = PBXFileReference; lastKnownFileType = sourcecode.swift; path = TagViewModel.swift; sourceTree = "<group>"; };
		700F52FC249DF749000EBCD3 /* TagTableViewCell.swift */ = {isa = PBXFileReference; lastKnownFileType = sourcecode.swift; path = TagTableViewCell.swift; sourceTree = "<group>"; };
		7043B02824A0A40A00F760AA /* CoordinatorType.swift */ = {isa = PBXFileReference; lastKnownFileType = sourcecode.swift; path = CoordinatorType.swift; sourceTree = "<group>"; };
		7043B02A24A0A42F00F760AA /* AppCoordinator.swift */ = {isa = PBXFileReference; lastKnownFileType = sourcecode.swift; path = AppCoordinator.swift; sourceTree = "<group>"; };
		7043B02C24A0CEE500F760AA /* Scene.swift */ = {isa = PBXFileReference; lastKnownFileType = sourcecode.swift; path = Scene.swift; sourceTree = "<group>"; };
		7043B02E24A0D22000F760AA /* Scene+ViewController.swift */ = {isa = PBXFileReference; lastKnownFileType = sourcecode.swift; path = "Scene+ViewController.swift"; sourceTree = "<group>"; };
		7043B03124A0D3CF00F760AA /* ViewModelSupportedViewControllers.swift */ = {isa = PBXFileReference; lastKnownFileType = sourcecode.swift; path = ViewModelSupportedViewControllers.swift; sourceTree = "<group>"; };
		7043B03324A0E4D500F760AA /* Tab.swift */ = {isa = PBXFileReference; lastKnownFileType = sourcecode.swift; path = Tab.swift; sourceTree = "<group>"; };
		70483E76249651DC00612288 /* NoteViewController.swift */ = {isa = PBXFileReference; lastKnownFileType = sourcecode.swift; path = NoteViewController.swift; sourceTree = "<group>"; };
		70483E79249761D200612288 /* UITextViewExtension.swift */ = {isa = PBXFileReference; lastKnownFileType = sourcecode.swift; path = UITextViewExtension.swift; sourceTree = "<group>"; };
		70483E7B249795B100612288 /* ChecklistViewController.swift */ = {isa = PBXFileReference; lastKnownFileType = sourcecode.swift; path = ChecklistViewController.swift; sourceTree = "<group>"; };
		70483E7D249797C700612288 /* ChecklistItemTableViewCell.swift */ = {isa = PBXFileReference; lastKnownFileType = sourcecode.swift; path = ChecklistItemTableViewCell.swift; sourceTree = "<group>"; };
		70483E7F249799D600612288 /* InterviewTableViewCell.swift */ = {isa = PBXFileReference; lastKnownFileType = sourcecode.swift; path = InterviewTableViewCell.swift; sourceTree = "<group>"; };
		70483E81249799E700612288 /* TaskTableViewCell.swift */ = {isa = PBXFileReference; lastKnownFileType = sourcecode.swift; path = TaskTableViewCell.swift; sourceTree = "<group>"; };
		70483E8324979ACF00612288 /* ReminderTableViewCell.swift */ = {isa = PBXFileReference; lastKnownFileType = sourcecode.swift; path = ReminderTableViewCell.swift; sourceTree = "<group>"; };
		704866D224A777EF00FA80B5 /* NewApplyViewModel.swift */ = {isa = PBXFileReference; lastKnownFileType = sourcecode.swift; path = NewApplyViewModel.swift; sourceTree = "<group>"; };
		7060EFEE2490C88400A229B8 /* NewApplyViewController.swift */ = {isa = PBXFileReference; lastKnownFileType = sourcecode.swift; path = NewApplyViewController.swift; sourceTree = "<group>"; };
		7060EFF42494A32900A229B8 /* TagViewController.swift */ = {isa = PBXFileReference; lastKnownFileType = sourcecode.swift; path = TagViewController.swift; sourceTree = "<group>"; };
		7060EFF72494A47500A229B8 /* Base */ = {isa = PBXFileReference; lastKnownFileType = file.storyboard; name = Base; path = JobTracker/View/StoryBoard/JobTracker/View/StoryBoard/Base.lproj/Tag.storyboard; sourceTree = "<group>"; };
		7060EFF92494E6CB00A229B8 /* ApplyViewController.swift */ = {isa = PBXFileReference; lastKnownFileType = sourcecode.swift; path = ApplyViewController.swift; sourceTree = "<group>"; };
		7060EFFC2496178300A229B8 /* Base */ = {isa = PBXFileReference; lastKnownFileType = file.storyboard; name = Base; path = JobTracker/View/StoryBoard/JobTracker/View/StoryBoard/Base.lproj/Reminder.storyboard; sourceTree = "<group>"; };
		709CDEDF24A1E62200A9DAE0 /* Note.storyboard */ = {isa = PBXFileReference; fileEncoding = 4; lastKnownFileType = file.storyboard; path = Note.storyboard; sourceTree = "<group>"; };
		709CDEE124A1E66400A9DAE0 /* NotesViewController.swift */ = {isa = PBXFileReference; lastKnownFileType = sourcecode.swift; path = NotesViewController.swift; sourceTree = "<group>"; };
		709CDEE324A1E7C500A9DAE0 /* NotesViewModel.swift */ = {isa = PBXFileReference; lastKnownFileType = sourcecode.swift; path = NotesViewModel.swift; sourceTree = "<group>"; };
		709CDEE524A20C2D00A9DAE0 /* Main.storyboard */ = {isa = PBXFileReference; lastKnownFileType = file.storyboard; path = Main.storyboard; sourceTree = "<group>"; };
		709CDEE724A20DB000A9DAE0 /* NoteViewModel.swift */ = {isa = PBXFileReference; lastKnownFileType = sourcecode.swift; path = NoteViewModel.swift; sourceTree = "<group>"; };
		709CDEEA24A2113E00A9DAE0 /* CoordinatorSupportedViewModel.swift */ = {isa = PBXFileReference; lastKnownFileType = sourcecode.swift; path = CoordinatorSupportedViewModel.swift; sourceTree = "<group>"; };
		70ADFF9724989F7400345379 /* Reminderable.swift */ = {isa = PBXFileReference; lastKnownFileType = sourcecode.swift; path = Reminderable.swift; sourceTree = "<group>"; };
		70ADFF992498A08F00345379 /* ReminderViewModel.swift */ = {isa = PBXFileReference; lastKnownFileType = sourcecode.swift; path = ReminderViewModel.swift; sourceTree = "<group>"; };
		70ADFF9B2498A61800345379 /* ReminderService.swift */ = {isa = PBXFileReference; lastKnownFileType = sourcecode.swift; path = ReminderService.swift; sourceTree = "<group>"; };
		70ADFFA02498B93600345379 /* ReminderViewController.swift */ = {isa = PBXFileReference; lastKnownFileType = sourcecode.swift; path = ReminderViewController.swift; sourceTree = "<group>"; };
		70ADFFA32498BD8800345379 /* ReminderServiceType.swift */ = {isa = PBXFileReference; lastKnownFileType = sourcecode.swift; path = ReminderServiceType.swift; sourceTree = "<group>"; };
		70ADFFA62498D3C300345379 /* ReminderTests.swift */ = {isa = PBXFileReference; lastKnownFileType = sourcecode.swift; path = ReminderTests.swift; sourceTree = "<group>"; };
		70ADFFA82498EC1B00345379 /* TagServiceType.swift */ = {isa = PBXFileReference; lastKnownFileType = sourcecode.swift; path = TagServiceType.swift; sourceTree = "<group>"; };
		70ADFFAA2498F9D400345379 /* TagService.swift */ = {isa = PBXFileReference; lastKnownFileType = sourcecode.swift; path = TagService.swift; sourceTree = "<group>"; };
		70BE562D249F47AA0039D123 /* UITextFieldExtension.swift */ = {isa = PBXFileReference; lastKnownFileType = sourcecode.swift; path = UITextFieldExtension.swift; sourceTree = "<group>"; };
		70EA244B2490A745007FD797 /* AppliesViewController.swift */ = {isa = PBXFileReference; lastKnownFileType = sourcecode.swift; path = AppliesViewController.swift; sourceTree = "<group>"; };
		70EA244E2490A8D1007FD797 /* ApplyTableViewCell.swift */ = {isa = PBXFileReference; lastKnownFileType = sourcecode.swift; path = ApplyTableViewCell.swift; sourceTree = "<group>"; };
		70EA24512490AE55007FD797 /* Base */ = {isa = PBXFileReference; lastKnownFileType = file.storyboard; name = Base; path = JobTracker/View/StoryBoard/Base.lproj/Apply.storyboard; sourceTree = "<group>"; };
		F2035571248BBBC600A9F9F8 /* JobTracker.app */ = {isa = PBXFileReference; explicitFileType = wrapper.application; includeInIndex = 0; path = JobTracker.app; sourceTree = BUILT_PRODUCTS_DIR; };
		F2035574248BBBC600A9F9F8 /* AppDelegate.swift */ = {isa = PBXFileReference; lastKnownFileType = sourcecode.swift; path = AppDelegate.swift; sourceTree = "<group>"; };
		F2035576248BBBC600A9F9F8 /* SceneDelegate.swift */ = {isa = PBXFileReference; lastKnownFileType = sourcecode.swift; path = SceneDelegate.swift; sourceTree = "<group>"; };
		F203557E248BBBC600A9F9F8 /* JobTracker.xcdatamodel */ = {isa = PBXFileReference; lastKnownFileType = wrapper.xcdatamodel; path = JobTracker.xcdatamodel; sourceTree = "<group>"; };
		F2035580248BBBD000A9F9F8 /* Assets.xcassets */ = {isa = PBXFileReference; lastKnownFileType = folder.assetcatalog; path = Assets.xcassets; sourceTree = "<group>"; };
		F2035583248BBBD000A9F9F8 /* Base */ = {isa = PBXFileReference; lastKnownFileType = file.storyboard; name = Base; path = Base.lproj/LaunchScreen.storyboard; sourceTree = "<group>"; };
		F2035585248BBBD000A9F9F8 /* Info.plist */ = {isa = PBXFileReference; lastKnownFileType = text.plist.xml; path = Info.plist; sourceTree = "<group>"; };
		F203558A248BBBD100A9F9F8 /* JobTrackerTests.xctest */ = {isa = PBXFileReference; explicitFileType = wrapper.cfbundle; includeInIndex = 0; path = JobTrackerTests.xctest; sourceTree = BUILT_PRODUCTS_DIR; };
		F2035590248BBBD100A9F9F8 /* Info.plist */ = {isa = PBXFileReference; lastKnownFileType = text.plist.xml; path = Info.plist; sourceTree = "<group>"; };
		F2035595248BBBD100A9F9F8 /* JobTrackerUITests.xctest */ = {isa = PBXFileReference; explicitFileType = wrapper.cfbundle; includeInIndex = 0; path = JobTrackerUITests.xctest; sourceTree = BUILT_PRODUCTS_DIR; };
		F2035599248BBBD100A9F9F8 /* JobTrackerUITests.swift */ = {isa = PBXFileReference; lastKnownFileType = sourcecode.swift; path = JobTrackerUITests.swift; sourceTree = "<group>"; };
		F203559B248BBBD100A9F9F8 /* Info.plist */ = {isa = PBXFileReference; lastKnownFileType = text.plist.xml; path = Info.plist; sourceTree = "<group>"; };
		F219F4F5248E797100B7A3D5 /* Interview+CoreDataClass.swift */ = {isa = PBXFileReference; lastKnownFileType = sourcecode.swift; path = "Interview+CoreDataClass.swift"; sourceTree = "<group>"; };
		F219F4F7248E797100B7A3D5 /* Apply+CoreDataClass.swift */ = {isa = PBXFileReference; lastKnownFileType = sourcecode.swift; path = "Apply+CoreDataClass.swift"; sourceTree = "<group>"; };
		F23F3051249DF28B00A92C49 /* ApplyServiceType.swift */ = {isa = PBXFileReference; lastKnownFileType = sourcecode.swift; path = ApplyServiceType.swift; sourceTree = "<group>"; };
		F23F3053249DF35A00A92C49 /* ApplyService.swift */ = {isa = PBXFileReference; lastKnownFileType = sourcecode.swift; path = ApplyService.swift; sourceTree = "<group>"; };
		F24A0DC824A470F600D38217 /* ApplyViewModel.swift */ = {isa = PBXFileReference; lastKnownFileType = sourcecode.swift; path = ApplyViewModel.swift; sourceTree = "<group>"; };
		F24C3D66249903B0004C16B9 /* CountryServiceType.swift */ = {isa = PBXFileReference; lastKnownFileType = sourcecode.swift; path = CountryServiceType.swift; sourceTree = "<group>"; };
		F2A2D6E324A38FC100D25B35 /* UIButtonExtension.swift */ = {isa = PBXFileReference; lastKnownFileType = sourcecode.swift; path = UIButtonExtension.swift; sourceTree = "<group>"; };
		F2B147AF24A0E53D00BD5A22 /* BadgeSupplementaryView.swift */ = {isa = PBXFileReference; lastKnownFileType = sourcecode.swift; path = BadgeSupplementaryView.swift; sourceTree = "<group>"; };
		F2B6F2062490F6180088B0F7 /* CoreDataTests.swift */ = {isa = PBXFileReference; lastKnownFileType = sourcecode.swift; path = CoreDataTests.swift; sourceTree = "<group>"; };
		F2B6F2082490F88F0088B0F7 /* InMemoryStore.swift */ = {isa = PBXFileReference; lastKnownFileType = sourcecode.swift; path = InMemoryStore.swift; sourceTree = "<group>"; };
		F2EAA8B12498DCE900876FA9 /* CountryServiceType.swift */ = {isa = PBXFileReference; lastKnownFileType = sourcecode.swift; path = CountryServiceType.swift; sourceTree = "<group>"; };
		F2EAA8B32498E8BB00876FA9 /* CountryService.swift */ = {isa = PBXFileReference; lastKnownFileType = sourcecode.swift; path = CountryService.swift; sourceTree = "<group>"; };
		F2EAA8B52498EBAC00876FA9 /* AppliesViewModel.swift */ = {isa = PBXFileReference; lastKnownFileType = sourcecode.swift; path = AppliesViewModel.swift; sourceTree = "<group>"; };
		F2EAA8B72498F43E00876FA9 /* DataInitializer.swift */ = {isa = PBXFileReference; lastKnownFileType = sourcecode.swift; path = DataInitializer.swift; sourceTree = "<group>"; };
		F2F9BE9124977ACD005C6C20 /* FlagCollectinViewCell.swift */ = {isa = PBXFileReference; lastKnownFileType = sourcecode.swift; path = FlagCollectinViewCell.swift; sourceTree = "<group>"; };
/* End PBXFileReference section */

/* Begin PBXFrameworksBuildPhase section */
		F203556E248BBBC600A9F9F8 /* Frameworks */ = {
			isa = PBXFrameworksBuildPhase;
			buildActionMask = 2147483647;
			files = (
			);
			runOnlyForDeploymentPostprocessing = 0;
		};
		F2035587248BBBD100A9F9F8 /* Frameworks */ = {
			isa = PBXFrameworksBuildPhase;
			buildActionMask = 2147483647;
			files = (
			);
			runOnlyForDeploymentPostprocessing = 0;
		};
		F2035592248BBBD100A9F9F8 /* Frameworks */ = {
			isa = PBXFrameworksBuildPhase;
			buildActionMask = 2147483647;
			files = (
			);
			runOnlyForDeploymentPostprocessing = 0;
		};
/* End PBXFrameworksBuildPhase section */

/* Begin PBXGroup section */
		7043B02724A0A3E500F760AA /* Protocol */ = {
			isa = PBXGroup;
			children = (
				7043B02824A0A40A00F760AA /* CoordinatorType.swift */,
			);
			path = Protocol;
			sourceTree = "<group>";
		};
		7043B03024A0D36600F760AA /* Protocol */ = {
			isa = PBXGroup;
			children = (
				7043B03124A0D3CF00F760AA /* ViewModelSupportedViewControllers.swift */,
			);
			path = Protocol;
			sourceTree = "<group>";
		};
		70483E78249761A200612288 /* Extensions */ = {
			isa = PBXGroup;
			children = (
				70483E79249761D200612288 /* UITextViewExtension.swift */,
				70BE562D249F47AA0039D123 /* UITextFieldExtension.swift */,
				7009B1BF24A327D400B6437D /* BoxUIView.swift */,
				F2A2D6E324A38FC100D25B35 /* UIButtonExtension.swift */,
			);
			path = Extensions;
			sourceTree = "<group>";
		};
		709CDEE924A2111B00A9DAE0 /* Protocol */ = {
			isa = PBXGroup;
			children = (
				709CDEEA24A2113E00A9DAE0 /* CoordinatorSupportedViewModel.swift */,
			);
			path = Protocol;
			sourceTree = "<group>";
		};
		70ADFF9624989F3D00345379 /* Protocol */ = {
			isa = PBXGroup;
			children = (
				70ADFF9724989F7400345379 /* Reminderable.swift */,
			);
			path = Protocol;
			sourceTree = "<group>";
		};
		70ADFFA22498BD6700345379 /* Protocol */ = {
			isa = PBXGroup;
			children = (
				70ADFFA32498BD8800345379 /* ReminderServiceType.swift */,
				70ADFFA82498EC1B00345379 /* TagServiceType.swift */,
				F24C3D66249903B0004C16B9 /* CountryServiceType.swift */,
				F23F3051249DF28B00A92C49 /* ApplyServiceType.swift */,
			);
			path = Protocol;
			sourceTree = "<group>";
		};
		70ADFFA52498D38C00345379 /* Service */ = {
			isa = PBXGroup;
			children = (
				70ADFFA62498D3C300345379 /* ReminderTests.swift */,
				700F52F8249DE262000EBCD3 /* TagTests.swift */,
			);
			path = Service;
			sourceTree = "<group>";
		};
		70AEFEE0248E49B00063C352 /* Model */ = {
			isa = PBXGroup;
			children = (
				F203557D248BBBC600A9F9F8 /* JobTracker.xcdatamodeld */,
				F219F4F5248E797100B7A3D5 /* Interview+CoreDataClass.swift */,
				F219F4F7248E797100B7A3D5 /* Apply+CoreDataClass.swift */,
				F2B6F2082490F88F0088B0F7 /* InMemoryStore.swift */,
			);
			path = Model;
			sourceTree = "<group>";
		};
		70AEFEE1248E4C390063C352 /* Business */ = {
			isa = PBXGroup;
			children = (
				70ADFF9624989F3D00345379 /* Protocol */,
				70AEFEE3248E4CFA0063C352 /* Coordinator */,
				70AEFEE2248E4CF20063C352 /* ViewModel */,
			);
			path = Business;
			sourceTree = "<group>";
		};
		70AEFEE2248E4CF20063C352 /* ViewModel */ = {
			isa = PBXGroup;
			children = (
				709CDEE924A2111B00A9DAE0 /* Protocol */,
				70ADFF992498A08F00345379 /* ReminderViewModel.swift */,
				700F52FA249DF4B2000EBCD3 /* TagViewModel.swift */,
				F2EAA8B52498EBAC00876FA9 /* AppliesViewModel.swift */,
				709CDEE324A1E7C500A9DAE0 /* NotesViewModel.swift */,
				709CDEE724A20DB000A9DAE0 /* NoteViewModel.swift */,
				F24A0DC824A470F600D38217 /* ApplyViewModel.swift */,
				704866D224A777EF00FA80B5 /* NewApplyViewModel.swift */,
			);
			path = ViewModel;
			sourceTree = "<group>";
		};
		70AEFEE3248E4CFA0063C352 /* Coordinator */ = {
			isa = PBXGroup;
			children = (
				7043B02724A0A3E500F760AA /* Protocol */,
				7043B02A24A0A42F00F760AA /* AppCoordinator.swift */,
				7043B02C24A0CEE500F760AA /* Scene.swift */,
				7043B02E24A0D22000F760AA /* Scene+ViewController.swift */,
				7043B03324A0E4D500F760AA /* Tab.swift */,
			);
			path = Coordinator;
			sourceTree = "<group>";
		};
		70AEFEE4248E4D0F0063C352 /* View */ = {
			isa = PBXGroup;
			children = (
				7043B03024A0D36600F760AA /* Protocol */,
				70483E78249761A200612288 /* Extensions */,
				70EA244D2490A8AF007FD797 /* Cell */,
				70AEFEE6248E4D2A0063C352 /* ViewController */,
				70AEFEE5248E4D190063C352 /* StoryBoard */,
			);
			path = View;
			sourceTree = "<group>";
		};
		70AEFEE5248E4D190063C352 /* StoryBoard */ = {
			isa = PBXGroup;
			children = (
				7009B1CD24A383C300B6437D /* Interview.storyboard */,
				7009B1CB24A383A600B6437D /* Task.storyboard */,
				7009B1C824A3835C00B6437D /* ApplyDetail.storyboard */,
				7009B1C624A3832E00B6437D /* CheckList.storyboard */,
				7009B1C324A382FA00B6437D /* CreateApply.storyboard */,
				709CDEDF24A1E62200A9DAE0 /* Note.storyboard */,
				7060EFFB2496178300A229B8 /* Reminder.storyboard */,
				7060EFF62494A47500A229B8 /* Tag.storyboard */,
				70EA24502490AE55007FD797 /* Apply.storyboard */,
				F2035582248BBBD000A9F9F8 /* LaunchScreen.storyboard */,
				709CDEE524A20C2D00A9DAE0 /* Main.storyboard */,
			);
			path = StoryBoard;
			sourceTree = "<group>";
		};
		70AEFEE6248E4D2A0063C352 /* ViewController */ = {
			isa = PBXGroup;
			children = (
				70EA244B2490A745007FD797 /* AppliesViewController.swift */,
				7060EFEE2490C88400A229B8 /* NewApplyViewController.swift */,
				7060EFF42494A32900A229B8 /* TagViewController.swift */,
				7060EFF92494E6CB00A229B8 /* ApplyViewController.swift */,
				70483E76249651DC00612288 /* NoteViewController.swift */,
				70483E7B249795B100612288 /* ChecklistViewController.swift */,
				70ADFFA02498B93600345379 /* ReminderViewController.swift */,
				709CDEE124A1E66400A9DAE0 /* NotesViewController.swift */,
			);
			path = ViewController;
			sourceTree = "<group>";
		};
		70AEFEE7248E4D3C0063C352 /* Service */ = {
			isa = PBXGroup;
			children = (
				70ADFFA22498BD6700345379 /* Protocol */,
				70ADFF9B2498A61800345379 /* ReminderService.swift */,
				F2EAA8B32498E8BB00876FA9 /* CountryService.swift */,
				70ADFFAA2498F9D400345379 /* TagService.swift */,
				F23F3053249DF35A00A92C49 /* ApplyService.swift */,
			);
			path = Service;
			sourceTree = "<group>";
		};
		70AEFEE8248E4D670063C352 /* Resource */ = {
			isa = PBXGroup;
			children = (
				F2035580248BBBD000A9F9F8 /* Assets.xcassets */,
				F2EAA8B72498F43E00876FA9 /* DataInitializer.swift */,
			);
			path = Resource;
			sourceTree = "<group>";
		};
		70EA244D2490A8AF007FD797 /* Cell */ = {
			isa = PBXGroup;
			children = (
				70EA244E2490A8D1007FD797 /* ApplyTableViewCell.swift */,
				70483E7D249797C700612288 /* ChecklistItemTableViewCell.swift */,
				70483E7F249799D600612288 /* InterviewTableViewCell.swift */,
				70483E81249799E700612288 /* TaskTableViewCell.swift */,
				70483E8324979ACF00612288 /* ReminderTableViewCell.swift */,
				F2F9BE9124977ACD005C6C20 /* FlagCollectinViewCell.swift */,
				700F52FC249DF749000EBCD3 /* TagTableViewCell.swift */,
				F2B147AF24A0E53D00BD5A22 /* BadgeSupplementaryView.swift */,
				7009B1C124A33FD100B6437D /* TagCollectionViewCell.swift */,
			);
			path = Cell;
			sourceTree = "<group>";
		};
		F2035568248BBBC600A9F9F8 = {
			isa = PBXGroup;
			children = (
				F2035573248BBBC600A9F9F8 /* JobTracker */,
				F203558D248BBBD100A9F9F8 /* JobTrackerTests */,
				F2035598248BBBD100A9F9F8 /* JobTrackerUITests */,
				F2035572248BBBC600A9F9F8 /* Products */,
				F2EAA8B92499022B00876FA9 /* Recovered References */,
			);
			sourceTree = "<group>";
		};
		F2035572248BBBC600A9F9F8 /* Products */ = {
			isa = PBXGroup;
			children = (
				F2035571248BBBC600A9F9F8 /* JobTracker.app */,
				F203558A248BBBD100A9F9F8 /* JobTrackerTests.xctest */,
				F2035595248BBBD100A9F9F8 /* JobTrackerUITests.xctest */,
			);
			name = Products;
			sourceTree = "<group>";
		};
		F2035573248BBBC600A9F9F8 /* JobTracker */ = {
			isa = PBXGroup;
			children = (
				70AEFEE8248E4D670063C352 /* Resource */,
				70AEFEE7248E4D3C0063C352 /* Service */,
				70AEFEE4248E4D0F0063C352 /* View */,
				70AEFEE1248E4C390063C352 /* Business */,
				70AEFEE0248E49B00063C352 /* Model */,
				F2035574248BBBC600A9F9F8 /* AppDelegate.swift */,
				F2035576248BBBC600A9F9F8 /* SceneDelegate.swift */,
				F2035585248BBBD000A9F9F8 /* Info.plist */,
			);
			path = JobTracker;
			sourceTree = "<group>";
		};
		F203558D248BBBD100A9F9F8 /* JobTrackerTests */ = {
			isa = PBXGroup;
			children = (
				70ADFFA52498D38C00345379 /* Service */,
				F2B6F2062490F6180088B0F7 /* CoreDataTests.swift */,
				F2035590248BBBD100A9F9F8 /* Info.plist */,
			);
			path = JobTrackerTests;
			sourceTree = "<group>";
		};
		F2035598248BBBD100A9F9F8 /* JobTrackerUITests */ = {
			isa = PBXGroup;
			children = (
				F2035599248BBBD100A9F9F8 /* JobTrackerUITests.swift */,
				F203559B248BBBD100A9F9F8 /* Info.plist */,
			);
			path = JobTrackerUITests;
			sourceTree = "<group>";
		};
		F2EAA8B92499022B00876FA9 /* Recovered References */ = {
			isa = PBXGroup;
			children = (
				F2EAA8B12498DCE900876FA9 /* CountryServiceType.swift */,
			);
			name = "Recovered References";
			sourceTree = "<group>";
		};
/* End PBXGroup section */

/* Begin PBXNativeTarget section */
		F2035570248BBBC600A9F9F8 /* JobTracker */ = {
			isa = PBXNativeTarget;
			buildConfigurationList = F203559E248BBBD100A9F9F8 /* Build configuration list for PBXNativeTarget "JobTracker" */;
			buildPhases = (
				F203556D248BBBC600A9F9F8 /* Sources */,
				F203556E248BBBC600A9F9F8 /* Frameworks */,
				F203556F248BBBC600A9F9F8 /* Resources */,
			);
			buildRules = (
			);
			dependencies = (
			);
			name = JobTracker;
			productName = JobTracker;
			productReference = F2035571248BBBC600A9F9F8 /* JobTracker.app */;
			productType = "com.apple.product-type.application";
		};
		F2035589248BBBD100A9F9F8 /* JobTrackerTests */ = {
			isa = PBXNativeTarget;
			buildConfigurationList = F20355A1248BBBD100A9F9F8 /* Build configuration list for PBXNativeTarget "JobTrackerTests" */;
			buildPhases = (
				F2035586248BBBD100A9F9F8 /* Sources */,
				F2035587248BBBD100A9F9F8 /* Frameworks */,
				F2035588248BBBD100A9F9F8 /* Resources */,
			);
			buildRules = (
			);
			dependencies = (
				F203558C248BBBD100A9F9F8 /* PBXTargetDependency */,
			);
			name = JobTrackerTests;
			productName = JobTrackerTests;
			productReference = F203558A248BBBD100A9F9F8 /* JobTrackerTests.xctest */;
			productType = "com.apple.product-type.bundle.unit-test";
		};
		F2035594248BBBD100A9F9F8 /* JobTrackerUITests */ = {
			isa = PBXNativeTarget;
			buildConfigurationList = F20355A4248BBBD100A9F9F8 /* Build configuration list for PBXNativeTarget "JobTrackerUITests" */;
			buildPhases = (
				F2035591248BBBD100A9F9F8 /* Sources */,
				F2035592248BBBD100A9F9F8 /* Frameworks */,
				F2035593248BBBD100A9F9F8 /* Resources */,
			);
			buildRules = (
			);
			dependencies = (
				F2035597248BBBD100A9F9F8 /* PBXTargetDependency */,
			);
			name = JobTrackerUITests;
			productName = JobTrackerUITests;
			productReference = F2035595248BBBD100A9F9F8 /* JobTrackerUITests.xctest */;
			productType = "com.apple.product-type.bundle.ui-testing";
		};
/* End PBXNativeTarget section */

/* Begin PBXProject section */
		F2035569248BBBC600A9F9F8 /* Project object */ = {
			isa = PBXProject;
			attributes = {
				LastSwiftUpdateCheck = 1140;
				LastUpgradeCheck = 1140;
				ORGANIZATIONNAME = "Dream Catcher";
				TargetAttributes = {
					F2035570248BBBC600A9F9F8 = {
						CreatedOnToolsVersion = 11.4.1;
					};
					F2035589248BBBD100A9F9F8 = {
						CreatedOnToolsVersion = 11.4.1;
						TestTargetID = F2035570248BBBC600A9F9F8;
					};
					F2035594248BBBD100A9F9F8 = {
						CreatedOnToolsVersion = 11.4.1;
						TestTargetID = F2035570248BBBC600A9F9F8;
					};
				};
			};
			buildConfigurationList = F203556C248BBBC600A9F9F8 /* Build configuration list for PBXProject "JobTracker" */;
			compatibilityVersion = "Xcode 9.3";
			developmentRegion = en;
			hasScannedForEncodings = 0;
			knownRegions = (
				en,
				Base,
			);
			mainGroup = F2035568248BBBC600A9F9F8;
			productRefGroup = F2035572248BBBC600A9F9F8 /* Products */;
			projectDirPath = "";
			projectRoot = "";
			targets = (
				F2035570248BBBC600A9F9F8 /* JobTracker */,
				F2035589248BBBD100A9F9F8 /* JobTrackerTests */,
				F2035594248BBBD100A9F9F8 /* JobTrackerUITests */,
			);
		};
/* End PBXProject section */

/* Begin PBXResourcesBuildPhase section */
		F203556F248BBBC600A9F9F8 /* Resources */ = {
			isa = PBXResourcesBuildPhase;
			buildActionMask = 2147483647;
			files = (
				709CDEE624A20C2D00A9DAE0 /* Main.storyboard in Resources */,
				709CDEE024A1E62200A9DAE0 /* Note.storyboard in Resources */,
				F2035584248BBBD000A9F9F8 /* LaunchScreen.storyboard in Resources */,
				7009B1CC24A383A600B6437D /* Task.storyboard in Resources */,
				70EA24522490AE55007FD797 /* Apply.storyboard in Resources */,
				7060EFFD2496178300A229B8 /* Reminder.storyboard in Resources */,
				F2035581248BBBD000A9F9F8 /* Assets.xcassets in Resources */,
				7060EFF82494A47500A229B8 /* Tag.storyboard in Resources */,
				7009B1CE24A383C300B6437D /* Interview.storyboard in Resources */,
				7009B1C524A382FA00B6437D /* CreateApply.storyboard in Resources */,
				7009B1CA24A3835C00B6437D /* ApplyDetail.storyboard in Resources */,
				7009B1C724A3832E00B6437D /* CheckList.storyboard in Resources */,
			);
			runOnlyForDeploymentPostprocessing = 0;
		};
		F2035588248BBBD100A9F9F8 /* Resources */ = {
			isa = PBXResourcesBuildPhase;
			buildActionMask = 2147483647;
			files = (
			);
			runOnlyForDeploymentPostprocessing = 0;
		};
		F2035593248BBBD100A9F9F8 /* Resources */ = {
			isa = PBXResourcesBuildPhase;
			buildActionMask = 2147483647;
			files = (
			);
			runOnlyForDeploymentPostprocessing = 0;
		};
/* End PBXResourcesBuildPhase section */

/* Begin PBXSourcesBuildPhase section */
		F203556D248BBBC600A9F9F8 /* Sources */ = {
			isa = PBXSourcesBuildPhase;
			buildActionMask = 2147483647;
			files = (
				7060EFEF2490C88400A229B8 /* NewApplyViewController.swift in Sources */,
				70ADFF9C2498A61800345379 /* ReminderService.swift in Sources */,
				7043B03224A0D3CF00F760AA /* ViewModelSupportedViewControllers.swift in Sources */,
				70483E7C249795B100612288 /* ChecklistViewController.swift in Sources */,
				7060EFF32491288300A229B8 /* Apply+CoreDataClass.swift in Sources */,
				7043B02B24A0A42F00F760AA /* AppCoordinator.swift in Sources */,
				F23F3054249DF35A00A92C49 /* ApplyService.swift in Sources */,
				F2EAA8B42498E8BB00876FA9 /* CountryService.swift in Sources */,
				F2035575248BBBC600A9F9F8 /* AppDelegate.swift in Sources */,
				F2F9BE9224977ACD005C6C20 /* FlagCollectinViewCell.swift in Sources */,
				7060EFFA2494E6CB00A229B8 /* ApplyViewController.swift in Sources */,
				F2A2D6E424A38FC200D25B35 /* UIButtonExtension.swift in Sources */,
				70483E7E249797C700612288 /* ChecklistItemTableViewCell.swift in Sources */,
				709CDEE424A1E7C500A9DAE0 /* NotesViewModel.swift in Sources */,
				70ADFFA12498B93600345379 /* ReminderViewController.swift in Sources */,
				7043B03424A0E4D500F760AA /* Tab.swift in Sources */,
				70483E77249651DC00612288 /* NoteViewController.swift in Sources */,
				70483E80249799D600612288 /* InterviewTableViewCell.swift in Sources */,
				70ADFF9A2498A08F00345379 /* ReminderViewModel.swift in Sources */,
				F2B6F2092490F88F0088B0F7 /* InMemoryStore.swift in Sources */,
				F2EAA8B82498F43E00876FA9 /* DataInitializer.swift in Sources */,
				70ADFFA42498BD8800345379 /* ReminderServiceType.swift in Sources */,
				7043B02924A0A40A00F760AA /* CoordinatorType.swift in Sources */,
				70BE562E249F47AA0039D123 /* UITextFieldExtension.swift in Sources */,
				70ADFFAB2498F9D400345379 /* TagService.swift in Sources */,
				709CDEE824A20DB000A9DAE0 /* NoteViewModel.swift in Sources */,
				7043B02F24A0D22000F760AA /* Scene+ViewController.swift in Sources */,
				704866D324A777EF00FA80B5 /* NewApplyViewModel.swift in Sources */,
				F203557F248BBBC600A9F9F8 /* JobTracker.xcdatamodeld in Sources */,
				7009B1C224A33FD100B6437D /* TagCollectionViewCell.swift in Sources */,
				F219F4F9248E797100B7A3D5 /* Interview+CoreDataClass.swift in Sources */,
				7043B02D24A0CEE500F760AA /* Scene.swift in Sources */,
				F24C3D67249903B0004C16B9 /* CountryServiceType.swift in Sources */,
				F2B147B024A0E53D00BD5A22 /* BadgeSupplementaryView.swift in Sources */,
				F24A0DC924A470F600D38217 /* ApplyViewModel.swift in Sources */,
				70483E82249799E700612288 /* TaskTableViewCell.swift in Sources */,
				F2035577248BBBC600A9F9F8 /* SceneDelegate.swift in Sources */,
				70483E8424979ACF00612288 /* ReminderTableViewCell.swift in Sources */,
				F2EAA8B62498EBAC00876FA9 /* AppliesViewModel.swift in Sources */,
				70ADFF9824989F7400345379 /* Reminderable.swift in Sources */,
				7060EFF52494A32900A229B8 /* TagViewController.swift in Sources */,
				70483E7A249761D200612288 /* UITextViewExtension.swift in Sources */,
				700F52FB249DF4B2000EBCD3 /* TagViewModel.swift in Sources */,
				709CDEEB24A2113E00A9DAE0 /* CoordinatorSupportedViewModel.swift in Sources */,
				700F52FD249DF749000EBCD3 /* TagTableViewCell.swift in Sources */,
				70EA244C2490A745007FD797 /* AppliesViewController.swift in Sources */,
				709CDEE224A1E66400A9DAE0 /* NotesViewController.swift in Sources */,
				70ADFFA92498EC1B00345379 /* TagServiceType.swift in Sources */,
				F23F3052249DF28B00A92C49 /* ApplyServiceType.swift in Sources */,
				7009B1C024A327D400B6437D /* BoxUIView.swift in Sources */,
				70EA244F2490A8D1007FD797 /* ApplyTableViewCell.swift in Sources */,
			);
			runOnlyForDeploymentPostprocessing = 0;
		};
		F2035586248BBBD100A9F9F8 /* Sources */ = {
			isa = PBXSourcesBuildPhase;
			buildActionMask = 2147483647;
			files = (
				F2B6F2072490F6180088B0F7 /* CoreDataTests.swift in Sources */,
				700F52F9249DE262000EBCD3 /* TagTests.swift in Sources */,
				70ADFFA72498D3C300345379 /* ReminderTests.swift in Sources */,
			);
			runOnlyForDeploymentPostprocessing = 0;
		};
		F2035591248BBBD100A9F9F8 /* Sources */ = {
			isa = PBXSourcesBuildPhase;
			buildActionMask = 2147483647;
			files = (
				F203559A248BBBD100A9F9F8 /* JobTrackerUITests.swift in Sources */,
			);
			runOnlyForDeploymentPostprocessing = 0;
		};
/* End PBXSourcesBuildPhase section */

/* Begin PBXTargetDependency section */
		F203558C248BBBD100A9F9F8 /* PBXTargetDependency */ = {
			isa = PBXTargetDependency;
			target = F2035570248BBBC600A9F9F8 /* JobTracker */;
			targetProxy = F203558B248BBBD100A9F9F8 /* PBXContainerItemProxy */;
		};
		F2035597248BBBD100A9F9F8 /* PBXTargetDependency */ = {
			isa = PBXTargetDependency;
			target = F2035570248BBBC600A9F9F8 /* JobTracker */;
			targetProxy = F2035596248BBBD100A9F9F8 /* PBXContainerItemProxy */;
		};
/* End PBXTargetDependency section */

/* Begin PBXVariantGroup section */
		7009B1C324A382FA00B6437D /* CreateApply.storyboard */ = {
			isa = PBXVariantGroup;
			children = (
				7009B1C424A382FA00B6437D /* Base */,
			);
			name = CreateApply.storyboard;
			sourceTree = "<group>";
		};
		7009B1C824A3835C00B6437D /* ApplyDetail.storyboard */ = {
			isa = PBXVariantGroup;
			children = (
				7009B1C924A3835C00B6437D /* Base */,
			);
			name = ApplyDetail.storyboard;
			sourceTree = "<group>";
		};
		7060EFF62494A47500A229B8 /* Tag.storyboard */ = {
			isa = PBXVariantGroup;
			children = (
				7060EFF72494A47500A229B8 /* Base */,
			);
			name = Tag.storyboard;
			sourceTree = "<group>";
		};
		7060EFFB2496178300A229B8 /* Reminder.storyboard */ = {
			isa = PBXVariantGroup;
			children = (
				7060EFFC2496178300A229B8 /* Base */,
			);
			name = Reminder.storyboard;
			sourceTree = "<group>";
		};
		70EA24502490AE55007FD797 /* Apply.storyboard */ = {
			isa = PBXVariantGroup;
			children = (
				70EA24512490AE55007FD797 /* Base */,
			);
			name = Apply.storyboard;
			sourceTree = "<group>";
		};
		F2035582248BBBD000A9F9F8 /* LaunchScreen.storyboard */ = {
			isa = PBXVariantGroup;
			children = (
				F2035583248BBBD000A9F9F8 /* Base */,
			);
			name = LaunchScreen.storyboard;
			sourceTree = "<group>";
		};
/* End PBXVariantGroup section */

/* Begin XCBuildConfiguration section */
		F203559C248BBBD100A9F9F8 /* Debug */ = {
			isa = XCBuildConfiguration;
			buildSettings = {
				ALWAYS_SEARCH_USER_PATHS = NO;
				CLANG_ANALYZER_NONNULL = YES;
				CLANG_ANALYZER_NUMBER_OBJECT_CONVERSION = YES_AGGRESSIVE;
				CLANG_CXX_LANGUAGE_STANDARD = "gnu++14";
				CLANG_CXX_LIBRARY = "libc++";
				CLANG_ENABLE_MODULES = YES;
				CLANG_ENABLE_OBJC_ARC = YES;
				CLANG_ENABLE_OBJC_WEAK = YES;
				CLANG_WARN_BLOCK_CAPTURE_AUTORELEASING = YES;
				CLANG_WARN_BOOL_CONVERSION = YES;
				CLANG_WARN_COMMA = YES;
				CLANG_WARN_CONSTANT_CONVERSION = YES;
				CLANG_WARN_DEPRECATED_OBJC_IMPLEMENTATIONS = YES;
				CLANG_WARN_DIRECT_OBJC_ISA_USAGE = YES_ERROR;
				CLANG_WARN_DOCUMENTATION_COMMENTS = YES;
				CLANG_WARN_EMPTY_BODY = YES;
				CLANG_WARN_ENUM_CONVERSION = YES;
				CLANG_WARN_INFINITE_RECURSION = YES;
				CLANG_WARN_INT_CONVERSION = YES;
				CLANG_WARN_NON_LITERAL_NULL_CONVERSION = YES;
				CLANG_WARN_OBJC_IMPLICIT_RETAIN_SELF = YES;
				CLANG_WARN_OBJC_LITERAL_CONVERSION = YES;
				CLANG_WARN_OBJC_ROOT_CLASS = YES_ERROR;
				CLANG_WARN_RANGE_LOOP_ANALYSIS = YES;
				CLANG_WARN_STRICT_PROTOTYPES = YES;
				CLANG_WARN_SUSPICIOUS_MOVE = YES;
				CLANG_WARN_UNGUARDED_AVAILABILITY = YES_AGGRESSIVE;
				CLANG_WARN_UNREACHABLE_CODE = YES;
				CLANG_WARN__DUPLICATE_METHOD_MATCH = YES;
				COPY_PHASE_STRIP = NO;
				DEBUG_INFORMATION_FORMAT = dwarf;
				ENABLE_STRICT_OBJC_MSGSEND = YES;
				ENABLE_TESTABILITY = YES;
				GCC_C_LANGUAGE_STANDARD = gnu11;
				GCC_DYNAMIC_NO_PIC = NO;
				GCC_NO_COMMON_BLOCKS = YES;
				GCC_OPTIMIZATION_LEVEL = 0;
				GCC_PREPROCESSOR_DEFINITIONS = (
					"DEBUG=1",
					"$(inherited)",
				);
				GCC_WARN_64_TO_32_BIT_CONVERSION = YES;
				GCC_WARN_ABOUT_RETURN_TYPE = YES_ERROR;
				GCC_WARN_UNDECLARED_SELECTOR = YES;
				GCC_WARN_UNINITIALIZED_AUTOS = YES_AGGRESSIVE;
				GCC_WARN_UNUSED_FUNCTION = YES;
				GCC_WARN_UNUSED_VARIABLE = YES;
				IPHONEOS_DEPLOYMENT_TARGET = 13.4;
				MTL_ENABLE_DEBUG_INFO = INCLUDE_SOURCE;
				MTL_FAST_MATH = YES;
				ONLY_ACTIVE_ARCH = YES;
				SDKROOT = iphoneos;
				SWIFT_ACTIVE_COMPILATION_CONDITIONS = DEBUG;
				SWIFT_OPTIMIZATION_LEVEL = "-Onone";
			};
			name = Debug;
		};
		F203559D248BBBD100A9F9F8 /* Release */ = {
			isa = XCBuildConfiguration;
			buildSettings = {
				ALWAYS_SEARCH_USER_PATHS = NO;
				CLANG_ANALYZER_NONNULL = YES;
				CLANG_ANALYZER_NUMBER_OBJECT_CONVERSION = YES_AGGRESSIVE;
				CLANG_CXX_LANGUAGE_STANDARD = "gnu++14";
				CLANG_CXX_LIBRARY = "libc++";
				CLANG_ENABLE_MODULES = YES;
				CLANG_ENABLE_OBJC_ARC = YES;
				CLANG_ENABLE_OBJC_WEAK = YES;
				CLANG_WARN_BLOCK_CAPTURE_AUTORELEASING = YES;
				CLANG_WARN_BOOL_CONVERSION = YES;
				CLANG_WARN_COMMA = YES;
				CLANG_WARN_CONSTANT_CONVERSION = YES;
				CLANG_WARN_DEPRECATED_OBJC_IMPLEMENTATIONS = YES;
				CLANG_WARN_DIRECT_OBJC_ISA_USAGE = YES_ERROR;
				CLANG_WARN_DOCUMENTATION_COMMENTS = YES;
				CLANG_WARN_EMPTY_BODY = YES;
				CLANG_WARN_ENUM_CONVERSION = YES;
				CLANG_WARN_INFINITE_RECURSION = YES;
				CLANG_WARN_INT_CONVERSION = YES;
				CLANG_WARN_NON_LITERAL_NULL_CONVERSION = YES;
				CLANG_WARN_OBJC_IMPLICIT_RETAIN_SELF = YES;
				CLANG_WARN_OBJC_LITERAL_CONVERSION = YES;
				CLANG_WARN_OBJC_ROOT_CLASS = YES_ERROR;
				CLANG_WARN_RANGE_LOOP_ANALYSIS = YES;
				CLANG_WARN_STRICT_PROTOTYPES = YES;
				CLANG_WARN_SUSPICIOUS_MOVE = YES;
				CLANG_WARN_UNGUARDED_AVAILABILITY = YES_AGGRESSIVE;
				CLANG_WARN_UNREACHABLE_CODE = YES;
				CLANG_WARN__DUPLICATE_METHOD_MATCH = YES;
				COPY_PHASE_STRIP = NO;
				DEBUG_INFORMATION_FORMAT = "dwarf-with-dsym";
				ENABLE_NS_ASSERTIONS = NO;
				ENABLE_STRICT_OBJC_MSGSEND = YES;
				GCC_C_LANGUAGE_STANDARD = gnu11;
				GCC_NO_COMMON_BLOCKS = YES;
				GCC_WARN_64_TO_32_BIT_CONVERSION = YES;
				GCC_WARN_ABOUT_RETURN_TYPE = YES_ERROR;
				GCC_WARN_UNDECLARED_SELECTOR = YES;
				GCC_WARN_UNINITIALIZED_AUTOS = YES_AGGRESSIVE;
				GCC_WARN_UNUSED_FUNCTION = YES;
				GCC_WARN_UNUSED_VARIABLE = YES;
				IPHONEOS_DEPLOYMENT_TARGET = 13.4;
				MTL_ENABLE_DEBUG_INFO = NO;
				MTL_FAST_MATH = YES;
				SDKROOT = iphoneos;
				SWIFT_COMPILATION_MODE = wholemodule;
				SWIFT_OPTIMIZATION_LEVEL = "-O";
				VALIDATE_PRODUCT = YES;
			};
			name = Release;
		};
		F203559F248BBBD100A9F9F8 /* Debug */ = {
			isa = XCBuildConfiguration;
			buildSettings = {
				ASSETCATALOG_COMPILER_APPICON_NAME = AppIcon;
				CODE_SIGN_IDENTITY = "Apple Development";
				CODE_SIGN_STYLE = Automatic;
				DEVELOPMENT_TEAM = N9VZPP2C5Z;
				INFOPLIST_FILE = JobTracker/Info.plist;
				LD_RUNPATH_SEARCH_PATHS = (
					"$(inherited)",
					"@executable_path/Frameworks",
				);
				PRODUCT_BUNDLE_IDENTIFIER = com.dreamcatcher.jobtrackerapp;
				PRODUCT_NAME = "$(TARGET_NAME)";
				PROVISIONING_PROFILE_SPECIFIER = "";
				SWIFT_VERSION = 5.0;
				TARGETED_DEVICE_FAMILY = "1,2";
			};
			name = Debug;
		};
		F20355A0248BBBD100A9F9F8 /* Release */ = {
			isa = XCBuildConfiguration;
			buildSettings = {
				ASSETCATALOG_COMPILER_APPICON_NAME = AppIcon;
				CODE_SIGN_IDENTITY = "Apple Development";
				CODE_SIGN_STYLE = Automatic;
				DEVELOPMENT_TEAM = N9VZPP2C5Z;
				INFOPLIST_FILE = JobTracker/Info.plist;
				LD_RUNPATH_SEARCH_PATHS = (
					"$(inherited)",
					"@executable_path/Frameworks",
				);
				PRODUCT_BUNDLE_IDENTIFIER = com.dreamcatcher.jobtrackerapp;
				PRODUCT_NAME = "$(TARGET_NAME)";
				PROVISIONING_PROFILE_SPECIFIER = "";
				SWIFT_VERSION = 5.0;
				TARGETED_DEVICE_FAMILY = "1,2";
			};
			name = Release;
		};
		F20355A2248BBBD100A9F9F8 /* Debug */ = {
			isa = XCBuildConfiguration;
			buildSettings = {
				ALWAYS_EMBED_SWIFT_STANDARD_LIBRARIES = YES;
				BUNDLE_LOADER = "$(TEST_HOST)";
				CODE_SIGN_IDENTITY = "Apple Development";
				"CODE_SIGN_IDENTITY[sdk=macosx*]" = "Apple Development";
				CODE_SIGN_STYLE = Automatic;
				DEVELOPMENT_TEAM = N9VZPP2C5Z;
				INFOPLIST_FILE = JobTrackerTests/Info.plist;
				IPHONEOS_DEPLOYMENT_TARGET = 13.4;
				LD_RUNPATH_SEARCH_PATHS = (
					"$(inherited)",
					"@executable_path/Frameworks",
					"@loader_path/Frameworks",
				);
				PRODUCT_BUNDLE_IDENTIFIER = com.dreamcatcher.JobTrackerTests;
				PRODUCT_NAME = "$(TARGET_NAME)";
				PROVISIONING_PROFILE_SPECIFIER = "";
				"PROVISIONING_PROFILE_SPECIFIER[sdk=macosx*]" = "";
				SWIFT_VERSION = 5.0;
				TARGETED_DEVICE_FAMILY = "1,2";
				TEST_HOST = "$(BUILT_PRODUCTS_DIR)/JobTracker.app/JobTracker";
			};
			name = Debug;
		};
		F20355A3248BBBD100A9F9F8 /* Release */ = {
			isa = XCBuildConfiguration;
			buildSettings = {
				ALWAYS_EMBED_SWIFT_STANDARD_LIBRARIES = YES;
				BUNDLE_LOADER = "$(TEST_HOST)";
				CODE_SIGN_IDENTITY = "Apple Development";
				"CODE_SIGN_IDENTITY[sdk=macosx*]" = "Apple Development";
				CODE_SIGN_STYLE = Automatic;
				DEVELOPMENT_TEAM = N9VZPP2C5Z;
				INFOPLIST_FILE = JobTrackerTests/Info.plist;
				IPHONEOS_DEPLOYMENT_TARGET = 13.4;
				LD_RUNPATH_SEARCH_PATHS = (
					"$(inherited)",
					"@executable_path/Frameworks",
					"@loader_path/Frameworks",
				);
				PRODUCT_BUNDLE_IDENTIFIER = com.dreamcatcher.JobTrackerTests;
				PRODUCT_NAME = "$(TARGET_NAME)";
				PROVISIONING_PROFILE_SPECIFIER = "";
				"PROVISIONING_PROFILE_SPECIFIER[sdk=macosx*]" = "";
				SWIFT_VERSION = 5.0;
				TARGETED_DEVICE_FAMILY = "1,2";
				TEST_HOST = "$(BUILT_PRODUCTS_DIR)/JobTracker.app/JobTracker";
			};
			name = Release;
		};
		F20355A5248BBBD100A9F9F8 /* Debug */ = {
			isa = XCBuildConfiguration;
			buildSettings = {
				ALWAYS_EMBED_SWIFT_STANDARD_LIBRARIES = YES;
				CODE_SIGN_IDENTITY = "Apple Development";
				"CODE_SIGN_IDENTITY[sdk=macosx*]" = "Apple Development";
				CODE_SIGN_STYLE = Automatic;
				DEVELOPMENT_TEAM = N9VZPP2C5Z;
				INFOPLIST_FILE = JobTrackerUITests/Info.plist;
				LD_RUNPATH_SEARCH_PATHS = (
					"$(inherited)",
					"@executable_path/Frameworks",
					"@loader_path/Frameworks",
				);
				PRODUCT_BUNDLE_IDENTIFIER = com.dreamcatcher.JobTrackerUITests;
				PRODUCT_NAME = "$(TARGET_NAME)";
				PROVISIONING_PROFILE_SPECIFIER = "";
				"PROVISIONING_PROFILE_SPECIFIER[sdk=macosx*]" = "";
				SWIFT_VERSION = 5.0;
				TARGETED_DEVICE_FAMILY = "1,2";
				TEST_TARGET_NAME = JobTracker;
			};
			name = Debug;
		};
		F20355A6248BBBD100A9F9F8 /* Release */ = {
			isa = XCBuildConfiguration;
			buildSettings = {
				ALWAYS_EMBED_SWIFT_STANDARD_LIBRARIES = YES;
				CODE_SIGN_IDENTITY = "Apple Development";
				"CODE_SIGN_IDENTITY[sdk=macosx*]" = "Apple Development";
				CODE_SIGN_STYLE = Automatic;
				DEVELOPMENT_TEAM = N9VZPP2C5Z;
				INFOPLIST_FILE = JobTrackerUITests/Info.plist;
				LD_RUNPATH_SEARCH_PATHS = (
					"$(inherited)",
					"@executable_path/Frameworks",
					"@loader_path/Frameworks",
				);
				PRODUCT_BUNDLE_IDENTIFIER = com.dreamcatcher.JobTrackerUITests;
				PRODUCT_NAME = "$(TARGET_NAME)";
				PROVISIONING_PROFILE_SPECIFIER = "";
				"PROVISIONING_PROFILE_SPECIFIER[sdk=macosx*]" = "";
				SWIFT_VERSION = 5.0;
				TARGETED_DEVICE_FAMILY = "1,2";
				TEST_TARGET_NAME = JobTracker;
			};
			name = Release;
		};
/* End XCBuildConfiguration section */

/* Begin XCConfigurationList section */
		F203556C248BBBC600A9F9F8 /* Build configuration list for PBXProject "JobTracker" */ = {
			isa = XCConfigurationList;
			buildConfigurations = (
				F203559C248BBBD100A9F9F8 /* Debug */,
				F203559D248BBBD100A9F9F8 /* Release */,
			);
			defaultConfigurationIsVisible = 0;
			defaultConfigurationName = Release;
		};
		F203559E248BBBD100A9F9F8 /* Build configuration list for PBXNativeTarget "JobTracker" */ = {
			isa = XCConfigurationList;
			buildConfigurations = (
				F203559F248BBBD100A9F9F8 /* Debug */,
				F20355A0248BBBD100A9F9F8 /* Release */,
			);
			defaultConfigurationIsVisible = 0;
			defaultConfigurationName = Release;
		};
		F20355A1248BBBD100A9F9F8 /* Build configuration list for PBXNativeTarget "JobTrackerTests" */ = {
			isa = XCConfigurationList;
			buildConfigurations = (
				F20355A2248BBBD100A9F9F8 /* Debug */,
				F20355A3248BBBD100A9F9F8 /* Release */,
			);
			defaultConfigurationIsVisible = 0;
			defaultConfigurationName = Release;
		};
		F20355A4248BBBD100A9F9F8 /* Build configuration list for PBXNativeTarget "JobTrackerUITests" */ = {
			isa = XCConfigurationList;
			buildConfigurations = (
				F20355A5248BBBD100A9F9F8 /* Debug */,
				F20355A6248BBBD100A9F9F8 /* Release */,
			);
			defaultConfigurationIsVisible = 0;
			defaultConfigurationName = Release;
		};
/* End XCConfigurationList section */

/* Begin XCVersionGroup section */
		F203557D248BBBC600A9F9F8 /* JobTracker.xcdatamodeld */ = {
			isa = XCVersionGroup;
			children = (
				F203557E248BBBC600A9F9F8 /* JobTracker.xcdatamodel */,
			);
			currentVersion = F203557E248BBBC600A9F9F8 /* JobTracker.xcdatamodel */;
			path = JobTracker.xcdatamodeld;
			sourceTree = "<group>";
			versionGroupType = wrapper.xcdatamodel;
		};
/* End XCVersionGroup section */
	};
	rootObject = F2035569248BBBC600A9F9F8 /* Project object */;
}
